
Microsoft Visual Studio Solution File, Format Version 12.00
# Visual Studio Version 17
VisualStudioVersion = 17.5.2.0
MinimumVisualStudioVersion = 10.0.40219.1
Project("{9A19103F-16F7-4668-BE54-9A1E7A4F7556}") = "chatx", "src\cycod\chatx.csproj", "{DB044106-F4A8-4302-5900-40BB88156AE7}"
EndProject
Project("{9A19103F-16F7-4668-BE54-9A1E7A4F7556}") = "Tests", "tests\cycod\Tests.csproj", "{CC47CF8A-A12B-4D4E-8500-2011ED6B566B}"
EndProject
Project("{9A19103F-16F7-4668-BE54-9A1E7A4F7556}") = "cycodt", "src\cycodt\cycodt.csproj", "{7152EDEF-2E93-4F54-94B0-892FD9D1218B}"
EndProject
Project("{9A19103F-16F7-4668-BE54-9A1E7A4F7556}") = "common", "src\common\common.csproj", "{5D816D53-01B3-48A2-B8B1-DB23E86586CF}"
EndProject
Global
	GlobalSection(SolutionConfigurationPlatforms) = preSolution
		Debug|Any CPU = Debug|Any CPU
		Release|Any CPU = Release|Any CPU
	EndGlobalSection
	GlobalSection(ProjectConfigurationPlatforms) = postSolution
		{DB044106-F4A8-4302-5900-40BB88156AE7}.Debug|Any CPU.ActiveCfg = Debug|Any CPU
		{DB044106-F4A8-4302-5900-40BB88156AE7}.Debug|Any CPU.Build.0 = Debug|Any CPU
		{DB044106-F4A8-4302-5900-40BB88156AE7}.Release|Any CPU.ActiveCfg = Release|Any CPU
		{DB044106-F4A8-4302-5900-40BB88156AE7}.Release|Any CPU.Build.0 = Release|Any CPU
		{CC47CF8A-A12B-4D4E-8500-2011ED6B566B}.Debug|Any CPU.ActiveCfg = Debug|Any CPU
		{CC47CF8A-A12B-4D4E-8500-2011ED6B566B}.Debug|Any CPU.Build.0 = Debug|Any CPU
		{CC47CF8A-A12B-4D4E-8500-2011ED6B566B}.Release|Any CPU.ActiveCfg = Release|Any CPU
		{CC47CF8A-A12B-4D4E-8500-2011ED6B566B}.Release|Any CPU.Build.0 = Release|Any CPU
		{7152EDEF-2E93-4F54-94B0-892FD9D1218B}.Debug|Any CPU.ActiveCfg = Debug|Any CPU
		{7152EDEF-2E93-4F54-94B0-892FD9D1218B}.Debug|Any CPU.Build.0 = Debug|Any CPU
		{7152EDEF-2E93-4F54-94B0-892FD9D1218B}.Release|Any CPU.ActiveCfg = Release|Any CPU
		{7152EDEF-2E93-4F54-94B0-892FD9D1218B}.Release|Any CPU.Build.0 = Release|Any CPU
		{5D816D53-01B3-48A2-B8B1-DB23E86586CF}.Debug|Any CPU.ActiveCfg = Debug|Any CPU
		{5D816D53-01B3-48A2-B8B1-DB23E86586CF}.Debug|Any CPU.Build.0 = Debug|Any CPU
		{5D816D53-01B3-48A2-B8B1-DB23E86586CF}.Release|Any CPU.ActiveCfg = Release|Any CPU
		{5D816D53-01B3-48A2-B8B1-DB23E86586CF}.Release|Any CPU.Build.0 = Release|Any CPU
	EndGlobalSection
	GlobalSection(SolutionProperties) = preSolution
		HideSolutionNode = FALSE
	EndGlobalSection
	GlobalSection(ExtensibilityGlobals) = postSolution
		SolutionGuid = {E4317ED2-53B7-4A13-8AC7-3FD18B517E96}
	EndGlobalSection
EndGlobal
