Microsoft Visual Studio Solution File, Format Version 12.00
# Visual Studio Version 17
VisualStudioVersion = 17.5.2.0
MinimumVisualStudioVersion = 10.0.40219.1
Project("{FAE04EC0-301F-11D3-BF4B-00C04F79EFBC}") = "chatx", "src\chatx.csproj", "{DB044106-F4A8-4302-5900-40BB88156AE7}"
EndProject
Global
	GlobalSection(SolutionConfigurationPlatforms) = preSolution
		Debug|Any CPU = Debug|Any CPU
		Release|Any CPU = Release|Any CPU
	EndGlobalSection
	GlobalSection(ProjectConfigurationPlatforms) = postSolution
		{DB044106-F4A8-4302-5900-40BB88156AE7}.Debug|Any CPU.ActiveCfg = Debug|Any CPU
		{DB044106-F4A8-4302-5900-40BB88156AE7}.Debug|Any CPU.Build.0 = Debug|Any CPU
		{DB044106-F4A8-4302-5900-40BB88156AE7}.Release|Any CPU.ActiveCfg = Release|Any CPU
		{DB044106-F4A8-4302-5900-40BB88156AE7}.Release|Any CPU.Build.0 = Release|Any CPU
	EndGlobalSection
	GlobalSection(SolutionProperties) = preSolution
		HideSolutionNode = FALSE
	EndGlobalSection
	GlobalSection(ExtensibilityGlobals) = postSolution
		SolutionGuid = {E4317ED2-53B7-4A13-8AC7-3FD18B517E96}
	EndGlobalSection
EndGlobal
