
Microsoft Visual Studio Solution File, Format Version 12.00
# Visual Studio Version 17
VisualStudioVersion = 17.5.2.0
MinimumVisualStudioVersion = 10.0.40219.1
Project("{9A19103F-16F7-4668-BE54-9A1E7A4F7556}") = "cycod", "src\cycod\cycod.csproj", "{DB044106-F4A8-4302-5900-40BB88156AE7}"
EndProject
Project("{9A19103F-16F7-4668-BE54-9A1E7A4F7556}") = "Tests", "tests\cycod\Tests.csproj", "{CC47CF8A-A12B-4D4E-8500-2011ED6B566B}"
EndProject
Project("{9A19103F-16F7-4668-BE54-9A1E7A4F7556}") = "cycodt", "src\cycodt\cycodt.csproj", "{7152EDEF-2E93-4F54-94B0-892FD9D1218B}"
EndProject
Project("{9A19103F-16F7-4668-BE54-9A1E7A4F7556}") = "common", "src\common\common.csproj", "{5D816D53-01B3-48A2-B8B1-DB23E86586CF}"
EndProject
Project("{9A19103F-16F7-4668-BE54-9A1E7A4F7556}") = "cycodmd", "src\cycodmd\cycodmd.csproj", "{2FE9EB38-18A0-A1A1-5640-EBD70C91C289}"
EndProject
Project("{9A19103F-16F7-4668-BE54-9A1E7A4F7556}") = "cycod-mcp-weather", "src\mcp\weather\cycod-mcp-weather.csproj", "{E3E4452D-A9E3-4805-B6B9-CE6E851D1DD9}"
EndProject
Project("{2150E333-8FDC-42A3-9474-1A3956D46DE8}") = "mcps", "mcps", "{691974F9-483A-4232-9746-F777D75C8958}"
EndProject
Project("{9A19103F-16F7-4668-BE54-9A1E7A4F7556}") = "cycod-mcp-osm", "src\mcp\osm\cycod-mcp-osm.csproj", "{AD1A2448-25D4-4082-1DD2-82D1DACBCC69}"
EndProject
Project("{9A19103F-16F7-4668-BE54-9A1E7A4F7556}") = "cycod-mcp-whois", "src\mcp\whois\cycod-mcp-whois.csproj", "{C796B41A-7601-2016-C85F-3D6024B9046F}"
EndProject
Project("{9A19103F-16F7-4668-BE54-9A1E7A4F7556}") = "cycod-mcp-mxlookup", "src\mcp\mxlookup\cycod-mcp-mxlookup.csproj", "{7DC30BDB-675F-4228-8494-3BCCFF91E879}"
EndProject
Project("{9A19103F-16F7-4668-BE54-9A1E7A4F7556}") = "cycod-mcp-geolocation", "src\mcp\geolocation\cycod-mcp-geolocation.csproj", "{5283A75C-3392-4C80-B4DE-A8C62779ACFC}"
EndProject
Project("{2150E333-8FDC-42A3-9474-1A3956D46DE8}") = "src", "src", "{827E0CD3-B72D-47B6-A68D-7590B98EB39B}"
EndProject
Project("{FAE04EC0-301F-11D3-BF4B-00C04F79EFBC}") = "cycodgr", "src\cycodgr\cycodgr.csproj", "{7C627587-758D-45D7-A130-CE637A9081CB}"
EndProject
Global
	GlobalSection(SolutionConfigurationPlatforms) = preSolution
		Debug|Any CPU = Debug|Any CPU
		Debug|x64 = Debug|x64
		Debug|x86 = Debug|x86
		Release|Any CPU = Release|Any CPU
		Release|x64 = Release|x64
		Release|x86 = Release|x86
	EndGlobalSection
	GlobalSection(ProjectConfigurationPlatforms) = postSolution
		{DB044106-F4A8-4302-5900-40BB88156AE7}.Debug|Any CPU.ActiveCfg = Debug|Any CPU
		{DB044106-F4A8-4302-5900-40BB88156AE7}.Debug|Any CPU.Build.0 = Debug|Any CPU
		{DB044106-F4A8-4302-5900-40BB88156AE7}.Debug|x64.ActiveCfg = Debug|Any CPU
		{DB044106-F4A8-4302-5900-40BB88156AE7}.Debug|x64.Build.0 = Debug|Any CPU
		{DB044106-F4A8-4302-5900-40BB88156AE7}.Debug|x86.ActiveCfg = Debug|Any CPU
		{DB044106-F4A8-4302-5900-40BB88156AE7}.Debug|x86.Build.0 = Debug|Any CPU
		{DB044106-F4A8-4302-5900-40BB88156AE7}.Release|Any CPU.ActiveCfg = Release|Any CPU
		{DB044106-F4A8-4302-5900-40BB88156AE7}.Release|Any CPU.Build.0 = Release|Any CPU
		{DB044106-F4A8-4302-5900-40BB88156AE7}.Release|x64.ActiveCfg = Release|Any CPU
		{DB044106-F4A8-4302-5900-40BB88156AE7}.Release|x64.Build.0 = Release|Any CPU
		{DB044106-F4A8-4302-5900-40BB88156AE7}.Release|x86.ActiveCfg = Release|Any CPU
		{DB044106-F4A8-4302-5900-40BB88156AE7}.Release|x86.Build.0 = Release|Any CPU
		{CC47CF8A-A12B-4D4E-8500-2011ED6B566B}.Debug|Any CPU.ActiveCfg = Debug|Any CPU
		{CC47CF8A-A12B-4D4E-8500-2011ED6B566B}.Debug|Any CPU.Build.0 = Debug|Any CPU
		{CC47CF8A-A12B-4D4E-8500-2011ED6B566B}.Debug|x64.ActiveCfg = Debug|Any CPU
		{CC47CF8A-A12B-4D4E-8500-2011ED6B566B}.Debug|x64.Build.0 = Debug|Any CPU
		{CC47CF8A-A12B-4D4E-8500-2011ED6B566B}.Debug|x86.ActiveCfg = Debug|Any CPU
		{CC47CF8A-A12B-4D4E-8500-2011ED6B566B}.Debug|x86.Build.0 = Debug|Any CPU
		{CC47CF8A-A12B-4D4E-8500-2011ED6B566B}.Release|Any CPU.ActiveCfg = Release|Any CPU
		{CC47CF8A-A12B-4D4E-8500-2011ED6B566B}.Release|Any CPU.Build.0 = Release|Any CPU
		{CC47CF8A-A12B-4D4E-8500-2011ED6B566B}.Release|x64.ActiveCfg = Release|Any CPU
		{CC47CF8A-A12B-4D4E-8500-2011ED6B566B}.Release|x64.Build.0 = Release|Any CPU
		{CC47CF8A-A12B-4D4E-8500-2011ED6B566B}.Release|x86.ActiveCfg = Release|Any CPU
		{CC47CF8A-A12B-4D4E-8500-2011ED6B566B}.Release|x86.Build.0 = Release|Any CPU
		{7152EDEF-2E93-4F54-94B0-892FD9D1218B}.Debug|Any CPU.ActiveCfg = Debug|Any CPU
		{7152EDEF-2E93-4F54-94B0-892FD9D1218B}.Debug|Any CPU.Build.0 = Debug|Any CPU
		{7152EDEF-2E93-4F54-94B0-892FD9D1218B}.Debug|x64.ActiveCfg = Debug|Any CPU
		{7152EDEF-2E93-4F54-94B0-892FD9D1218B}.Debug|x64.Build.0 = Debug|Any CPU
		{7152EDEF-2E93-4F54-94B0-892FD9D1218B}.Debug|x86.ActiveCfg = Debug|Any CPU
		{7152EDEF-2E93-4F54-94B0-892FD9D1218B}.Debug|x86.Build.0 = Debug|Any CPU
		{7152EDEF-2E93-4F54-94B0-892FD9D1218B}.Release|Any CPU.ActiveCfg = Release|Any CPU
		{7152EDEF-2E93-4F54-94B0-892FD9D1218B}.Release|Any CPU.Build.0 = Release|Any CPU
		{7152EDEF-2E93-4F54-94B0-892FD9D1218B}.Release|x64.ActiveCfg = Release|Any CPU
		{7152EDEF-2E93-4F54-94B0-892FD9D1218B}.Release|x64.Build.0 = Release|Any CPU
		{7152EDEF-2E93-4F54-94B0-892FD9D1218B}.Release|x86.ActiveCfg = Release|Any CPU
		{7152EDEF-2E93-4F54-94B0-892FD9D1218B}.Release|x86.Build.0 = Release|Any CPU
		{5D816D53-01B3-48A2-B8B1-DB23E86586CF}.Debug|Any CPU.ActiveCfg = Debug|Any CPU
		{5D816D53-01B3-48A2-B8B1-DB23E86586CF}.Debug|Any CPU.Build.0 = Debug|Any CPU
		{5D816D53-01B3-48A2-B8B1-DB23E86586CF}.Debug|x64.ActiveCfg = Debug|Any CPU
		{5D816D53-01B3-48A2-B8B1-DB23E86586CF}.Debug|x64.Build.0 = Debug|Any CPU
		{5D816D53-01B3-48A2-B8B1-DB23E86586CF}.Debug|x86.ActiveCfg = Debug|Any CPU
		{5D816D53-01B3-48A2-B8B1-DB23E86586CF}.Debug|x86.Build.0 = Debug|Any CPU
		{5D816D53-01B3-48A2-B8B1-DB23E86586CF}.Release|Any CPU.ActiveCfg = Release|Any CPU
		{5D816D53-01B3-48A2-B8B1-DB23E86586CF}.Release|Any CPU.Build.0 = Release|Any CPU
		{5D816D53-01B3-48A2-B8B1-DB23E86586CF}.Release|x64.ActiveCfg = Release|Any CPU
		{5D816D53-01B3-48A2-B8B1-DB23E86586CF}.Release|x64.Build.0 = Release|Any CPU
		{5D816D53-01B3-48A2-B8B1-DB23E86586CF}.Release|x86.ActiveCfg = Release|Any CPU
		{5D816D53-01B3-48A2-B8B1-DB23E86586CF}.Release|x86.Build.0 = Release|Any CPU
		{2FE9EB38-18A0-A1A1-5640-EBD70C91C289}.Debug|Any CPU.ActiveCfg = Debug|Any CPU
		{2FE9EB38-18A0-A1A1-5640-EBD70C91C289}.Debug|Any CPU.Build.0 = Debug|Any CPU
		{2FE9EB38-18A0-A1A1-5640-EBD70C91C289}.Debug|x64.ActiveCfg = Debug|Any CPU
		{2FE9EB38-18A0-A1A1-5640-EBD70C91C289}.Debug|x64.Build.0 = Debug|Any CPU
		{2FE9EB38-18A0-A1A1-5640-EBD70C91C289}.Debug|x86.ActiveCfg = Debug|Any CPU
		{2FE9EB38-18A0-A1A1-5640-EBD70C91C289}.Debug|x86.Build.0 = Debug|Any CPU
		{2FE9EB38-18A0-A1A1-5640-EBD70C91C289}.Release|Any CPU.ActiveCfg = Release|Any CPU
		{2FE9EB38-18A0-A1A1-5640-EBD70C91C289}.Release|Any CPU.Build.0 = Release|Any CPU
		{2FE9EB38-18A0-A1A1-5640-EBD70C91C289}.Release|x64.ActiveCfg = Release|Any CPU
		{2FE9EB38-18A0-A1A1-5640-EBD70C91C289}.Release|x64.Build.0 = Release|Any CPU
		{2FE9EB38-18A0-A1A1-5640-EBD70C91C289}.Release|x86.ActiveCfg = Release|Any CPU
		{2FE9EB38-18A0-A1A1-5640-EBD70C91C289}.Release|x86.Build.0 = Release|Any CPU
		{E3E4452D-A9E3-4805-B6B9-CE6E851D1DD9}.Debug|Any CPU.ActiveCfg = Debug|Any CPU
		{E3E4452D-A9E3-4805-B6B9-CE6E851D1DD9}.Debug|Any CPU.Build.0 = Debug|Any CPU
		{E3E4452D-A9E3-4805-B6B9-CE6E851D1DD9}.Debug|x64.ActiveCfg = Debug|Any CPU
		{E3E4452D-A9E3-4805-B6B9-CE6E851D1DD9}.Debug|x64.Build.0 = Debug|Any CPU
		{E3E4452D-A9E3-4805-B6B9-CE6E851D1DD9}.Debug|x86.ActiveCfg = Debug|Any CPU
		{E3E4452D-A9E3-4805-B6B9-CE6E851D1DD9}.Debug|x86.Build.0 = Debug|Any CPU
		{E3E4452D-A9E3-4805-B6B9-CE6E851D1DD9}.Release|Any CPU.ActiveCfg = Release|Any CPU
		{E3E4452D-A9E3-4805-B6B9-CE6E851D1DD9}.Release|Any CPU.Build.0 = Release|Any CPU
		{E3E4452D-A9E3-4805-B6B9-CE6E851D1DD9}.Release|x64.ActiveCfg = Release|Any CPU
		{E3E4452D-A9E3-4805-B6B9-CE6E851D1DD9}.Release|x64.Build.0 = Release|Any CPU
		{E3E4452D-A9E3-4805-B6B9-CE6E851D1DD9}.Release|x86.ActiveCfg = Release|Any CPU
		{E3E4452D-A9E3-4805-B6B9-CE6E851D1DD9}.Release|x86.Build.0 = Release|Any CPU
		{AD1A2448-25D4-4082-1DD2-82D1DACBCC69}.Debug|Any CPU.ActiveCfg = Debug|Any CPU
		{AD1A2448-25D4-4082-1DD2-82D1DACBCC69}.Debug|Any CPU.Build.0 = Debug|Any CPU
		{AD1A2448-25D4-4082-1DD2-82D1DACBCC69}.Debug|x64.ActiveCfg = Debug|Any CPU
		{AD1A2448-25D4-4082-1DD2-82D1DACBCC69}.Debug|x64.Build.0 = Debug|Any CPU
		{AD1A2448-25D4-4082-1DD2-82D1DACBCC69}.Debug|x86.ActiveCfg = Debug|Any CPU
		{AD1A2448-25D4-4082-1DD2-82D1DACBCC69}.Debug|x86.Build.0 = Debug|Any CPU
		{AD1A2448-25D4-4082-1DD2-82D1DACBCC69}.Release|Any CPU.ActiveCfg = Release|Any CPU
		{AD1A2448-25D4-4082-1DD2-82D1DACBCC69}.Release|Any CPU.Build.0 = Release|Any CPU
		{AD1A2448-25D4-4082-1DD2-82D1DACBCC69}.Release|x64.ActiveCfg = Release|Any CPU
		{AD1A2448-25D4-4082-1DD2-82D1DACBCC69}.Release|x64.Build.0 = Release|Any CPU
		{AD1A2448-25D4-4082-1DD2-82D1DACBCC69}.Release|x86.ActiveCfg = Release|Any CPU
		{AD1A2448-25D4-4082-1DD2-82D1DACBCC69}.Release|x86.Build.0 = Release|Any CPU
		{C796B41A-7601-2016-C85F-3D6024B9046F}.Debug|Any CPU.ActiveCfg = Debug|Any CPU
		{C796B41A-7601-2016-C85F-3D6024B9046F}.Debug|Any CPU.Build.0 = Debug|Any CPU
		{C796B41A-7601-2016-C85F-3D6024B9046F}.Debug|x64.ActiveCfg = Debug|Any CPU
		{C796B41A-7601-2016-C85F-3D6024B9046F}.Debug|x64.Build.0 = Debug|Any CPU
		{C796B41A-7601-2016-C85F-3D6024B9046F}.Debug|x86.ActiveCfg = Debug|Any CPU
		{C796B41A-7601-2016-C85F-3D6024B9046F}.Debug|x86.Build.0 = Debug|Any CPU
		{C796B41A-7601-2016-C85F-3D6024B9046F}.Release|Any CPU.ActiveCfg = Release|Any CPU
		{C796B41A-7601-2016-C85F-3D6024B9046F}.Release|Any CPU.Build.0 = Release|Any CPU
		{C796B41A-7601-2016-C85F-3D6024B9046F}.Release|x64.ActiveCfg = Release|Any CPU
		{C796B41A-7601-2016-C85F-3D6024B9046F}.Release|x64.Build.0 = Release|Any CPU
		{C796B41A-7601-2016-C85F-3D6024B9046F}.Release|x86.ActiveCfg = Release|Any CPU
		{C796B41A-7601-2016-C85F-3D6024B9046F}.Release|x86.Build.0 = Release|Any CPU
		{7DC30BDB-675F-4228-8494-3BCCFF91E879}.Debug|Any CPU.ActiveCfg = Debug|Any CPU
		{7DC30BDB-675F-4228-8494-3BCCFF91E879}.Debug|Any CPU.Build.0 = Debug|Any CPU
		{7DC30BDB-675F-4228-8494-3BCCFF91E879}.Debug|x64.ActiveCfg = Debug|Any CPU
		{7DC30BDB-675F-4228-8494-3BCCFF91E879}.Debug|x64.Build.0 = Debug|Any CPU
		{7DC30BDB-675F-4228-8494-3BCCFF91E879}.Debug|x86.ActiveCfg = Debug|Any CPU
		{7DC30BDB-675F-4228-8494-3BCCFF91E879}.Debug|x86.Build.0 = Debug|Any CPU
		{7DC30BDB-675F-4228-8494-3BCCFF91E879}.Release|Any CPU.ActiveCfg = Release|Any CPU
		{7DC30BDB-675F-4228-8494-3BCCFF91E879}.Release|Any CPU.Build.0 = Release|Any CPU
		{7DC30BDB-675F-4228-8494-3BCCFF91E879}.Release|x64.ActiveCfg = Release|Any CPU
		{7DC30BDB-675F-4228-8494-3BCCFF91E879}.Release|x64.Build.0 = Release|Any CPU
		{7DC30BDB-675F-4228-8494-3BCCFF91E879}.Release|x86.ActiveCfg = Release|Any CPU
		{7DC30BDB-675F-4228-8494-3BCCFF91E879}.Release|x86.Build.0 = Release|Any CPU
		{5283A75C-3392-4C80-B4DE-A8C62779ACFC}.Debug|Any CPU.ActiveCfg = Debug|Any CPU
		{5283A75C-3392-4C80-B4DE-A8C62779ACFC}.Debug|Any CPU.Build.0 = Debug|Any CPU
		{5283A75C-3392-4C80-B4DE-A8C62779ACFC}.Debug|x64.ActiveCfg = Debug|Any CPU
		{5283A75C-3392-4C80-B4DE-A8C62779ACFC}.Debug|x64.Build.0 = Debug|Any CPU
		{5283A75C-3392-4C80-B4DE-A8C62779ACFC}.Debug|x86.ActiveCfg = Debug|Any CPU
		{5283A75C-3392-4C80-B4DE-A8C62779ACFC}.Debug|x86.Build.0 = Debug|Any CPU
		{5283A75C-3392-4C80-B4DE-A8C62779ACFC}.Release|Any CPU.ActiveCfg = Release|Any CPU
		{5283A75C-3392-4C80-B4DE-A8C62779ACFC}.Release|Any CPU.Build.0 = Release|Any CPU
		{5283A75C-3392-4C80-B4DE-A8C62779ACFC}.Release|x64.ActiveCfg = Release|Any CPU
		{5283A75C-3392-4C80-B4DE-A8C62779ACFC}.Release|x64.Build.0 = Release|Any CPU
		{5283A75C-3392-4C80-B4DE-A8C62779ACFC}.Release|x86.ActiveCfg = Release|Any CPU
		{5283A75C-3392-4C80-B4DE-A8C62779ACFC}.Release|x86.Build.0 = Release|Any CPU
		{7C627587-758D-45D7-A130-CE637A9081CB}.Debug|Any CPU.ActiveCfg = Debug|Any CPU
		{7C627587-758D-45D7-A130-CE637A9081CB}.Debug|Any CPU.Build.0 = Debug|Any CPU
		{7C627587-758D-45D7-A130-CE637A9081CB}.Debug|x64.ActiveCfg = Debug|Any CPU
		{7C627587-758D-45D7-A130-CE637A9081CB}.Debug|x64.Build.0 = Debug|Any CPU
		{7C627587-758D-45D7-A130-CE637A9081CB}.Debug|x86.ActiveCfg = Debug|Any CPU
		{7C627587-758D-45D7-A130-CE637A9081CB}.Debug|x86.Build.0 = Debug|Any CPU
		{7C627587-758D-45D7-A130-CE637A9081CB}.Release|Any CPU.ActiveCfg = Release|Any CPU
		{7C627587-758D-45D7-A130-CE637A9081CB}.Release|Any CPU.Build.0 = Release|Any CPU
		{7C627587-758D-45D7-A130-CE637A9081CB}.Release|x64.ActiveCfg = Release|Any CPU
		{7C627587-758D-45D7-A130-CE637A9081CB}.Release|x64.Build.0 = Release|Any CPU
		{7C627587-758D-45D7-A130-CE637A9081CB}.Release|x86.ActiveCfg = Release|Any CPU
		{7C627587-758D-45D7-A130-CE637A9081CB}.Release|x86.Build.0 = Release|Any CPU
	EndGlobalSection
	GlobalSection(SolutionProperties) = preSolution
		HideSolutionNode = FALSE
	EndGlobalSection
	GlobalSection(NestedProjects) = preSolution
		{E3E4452D-A9E3-4805-B6B9-CE6E851D1DD9} = {691974F9-483A-4232-9746-F777D75C8958}
		{AD1A2448-25D4-4082-1DD2-82D1DACBCC69} = {691974F9-483A-4232-9746-F777D75C8958}
		{C796B41A-7601-2016-C85F-3D6024B9046F} = {691974F9-483A-4232-9746-F777D75C8958}
		{7DC30BDB-675F-4228-8494-3BCCFF91E879} = {691974F9-483A-4232-9746-F777D75C8958}
		{5283A75C-3392-4C80-B4DE-A8C62779ACFC} = {691974F9-483A-4232-9746-F777D75C8958}
		{7C627587-758D-45D7-A130-CE637A9081CB} = {827E0CD3-B72D-47B6-A68D-7590B98EB39B}
	EndGlobalSection
	GlobalSection(ExtensibilityGlobals) = postSolution
		SolutionGuid = {E4317ED2-53B7-4A13-8AC7-3FD18B517E96}
	EndGlobalSection
EndGlobal
